
Microsoft Visual Studio Solution File, Format Version 12.00
# Visual Studio Version 16
VisualStudioVersion = 16.0.31613.86
MinimumVisualStudioVersion = 10.0.40219.1
Project("{FAE04EC0-301F-11D3-BF4B-00C04F79EFBC}") = "ConsoleApp1", "ConsoleApp1.csproj", "{07382B1A-447C-4611-8CA2-236A965D813F}"
EndProject
Global
	GlobalSection(SolutionConfigurationPlatforms) = preSolution
		Debug|Any CPU = Debug|Any CPU
		Release|Any CPU = Release|Any CPU
	EndGlobalSection
	GlobalSection(ProjectConfigurationPlatforms) = postSolution
		{07382B1A-447C-4611-8CA2-236A965D813F}.Debug|Any CPU.ActiveCfg = Debug|Any CPU
		{07382B1A-447C-4611-8CA2-236A965D813F}.Debug|Any CPU.Build.0 = Debug|Any CPU
		{07382B1A-447C-4611-8CA2-236A965D813F}.Release|Any CPU.ActiveCfg = Release|Any CPU
		{07382B1A-447C-4611-8CA2-236A965D813F}.Release|Any CPU.Build.0 = Release|Any CPU
	EndGlobalSection
	GlobalSection(SolutionProperties) = preSolution
		HideSolutionNode = FALSE
	EndGlobalSection
	GlobalSection(ExtensibilityGlobals) = postSolution
		SolutionGuid = {A78615CF-BBA9-4ECE-9C80-D405C43444F2}
	EndGlobalSection
EndGlobal
